
Microsoft Visual Studio Solution File, Format Version 12.00
# Visual Studio Version 17
VisualStudioVersion = 17.4.33110.190
MinimumVisualStudioVersion = 10.0.40219.1
Project("{9A19103F-16F7-4668-BE54-9A1E7A4F7556}") = "RanksBot", "RanksBot\RanksBot.csproj", "{040E41FA-107A-419A-8FF2-CF71E9924FCA}"
EndProject
Global
	GlobalSection(SolutionConfigurationPlatforms) = preSolution
		Debug|Any CPU = Debug|Any CPU
		Release|Any CPU = Release|Any CPU
	EndGlobalSection
	GlobalSection(ProjectConfigurationPlatforms) = postSolution
		{040E41FA-107A-419A-8FF2-CF71E9924FCA}.Debug|Any CPU.ActiveCfg = Debug|Any CPU
		{040E41FA-107A-419A-8FF2-CF71E9924FCA}.Debug|Any CPU.Build.0 = Debug|Any CPU
		{040E41FA-107A-419A-8FF2-CF71E9924FCA}.Release|Any CPU.ActiveCfg = Release|Any CPU
		{040E41FA-107A-419A-8FF2-CF71E9924FCA}.Release|Any CPU.Build.0 = Release|Any CPU
	EndGlobalSection
	GlobalSection(SolutionProperties) = preSolution
		HideSolutionNode = FALSE
	EndGlobalSection
	GlobalSection(ExtensibilityGlobals) = postSolution
		SolutionGuid = {E67D5FBD-C904-4D68-BC74-ABAED8188C72}
	EndGlobalSection
EndGlobal
